<?xml version="1.0" encoding="utf-8"?>
<Project ToolsVersion="4.0" xmlns="http://schemas.microsoft.com/developer/msbuild/2003">
  <ItemGroup>
    <Filter Include="Source Files">
      <UniqueIdentifier>{4FC737F1-C7A5-4376-A066-2A32D752A2FF}</UniqueIdentifier>
      <Extensions>cpp;c;cc;cxx;c++;cppm;ixx;def;odl;idl;hpj;bat;asm;asmx</Extensions>
    </Filter>
    <Filter Include="Header Files">
      <UniqueIdentifier>{93995380-89BD-4b04-88EB-625FBE52EBFB}</UniqueIdentifier>
      <Extensions>h;hh;hpp;hxx;h++;hm;inl;inc;ipp;xsd</Extensions>
    </Filter>
    <Filter Include="Resource Files">
      <UniqueIdentifier>{67DA6AB6-F800-4c08-8B7A-83BB121AAD01}</UniqueIdentifier>
      <Extensions>rc;ico;cur;bmp;dlg;rc2;rct;bin;rgs;gif;jpg;jpeg;jpe;resx;tiff;tif;png;wav;mfcribbon-ms</Extensions>
    </Filter>
    <Filter Include="Source Files\SYSTEM">
      <UniqueIdentifier>{d80462e0-407d-4139-82f1-f66ba2bbab04}</UniqueIdentifier>
    </Filter>
    <Filter Include="Source Files\GRAPHICS">
      <UniqueIdentifier>{660eda5c-1a4c-4d24-b8e5-defdd8faa952}</UniqueIdentifier>
    </Filter>
    <Filter Include="Source Files\GRAPHICS\BINDABLES">
      <UniqueIdentifier>{0a6a37f4-0cd9-4a9b-8ed1-c5c72848cede}</UniqueIdentifier>
    </Filter>
    <Filter Include="Source Files\SHADERS">
      <UniqueIdentifier>{5af01f4f-119f-4132-99c0-d98861731910}</UniqueIdentifier>
    </Filter>
    <Filter Include="Header Files\SYSTEM">
      <UniqueIdentifier>{76763cdd-e526-4c58-907a-cf1f44ab7c1f}</UniqueIdentifier>
    </Filter>
    <Filter Include="Header Files\GRAPHICS">
      <UniqueIdentifier>{4f842895-9075-4211-be16-5aefea3127a9}</UniqueIdentifier>
    </Filter>
    <Filter Include="Header Files\GRAPHICS\BINDABLES">
      <UniqueIdentifier>{7eb1b208-694c-4e10-8f45-cf55666a2bce}</UniqueIdentifier>
    </Filter>
  </ItemGroup>
  <ItemGroup>
    <ClCompile Include="SOURCE\SYSTEM\SYS_d3d_exception.cpp">
      <Filter>Source Files\SYSTEM</Filter>
    </ClCompile>
    <ClCompile Include="SOURCE\SYSTEM\SYS_DEVICE_exception.cpp">
      <Filter>Source Files\SYSTEM</Filter>
    </ClCompile>
    <ClCompile Include="SOURCE\SYSTEM\SYS_inputclass.cpp">
      <Filter>Source Files\SYSTEM</Filter>
    </ClCompile>
    <ClCompile Include="SOURCE\SYSTEM\SYS_systemclass.cpp">
      <Filter>Source Files\SYSTEM</Filter>
    </ClCompile>
    <ClCompile Include="SOURCE\SYSTEM\SYS_windowclass.cpp">
      <Filter>Source Files\SYSTEM</Filter>
    </ClCompile>
    <ClCompile Include="SOURCE\GRAPHICS\GFX_applicationclass.cpp">
      <Filter>Source Files\GRAPHICS</Filter>
    </ClCompile>
    <ClCompile Include="SOURCE\GRAPHICS\GFX_d3dclass.cpp">
      <Filter>Source Files\GRAPHICS</Filter>
    </ClCompile>
    <ClCompile Include="SOURCE\GRAPHICS\BINDABLES\GFX_baseshaderclass.cpp">
      <Filter>Source Files\GRAPHICS\BINDABLES</Filter>
    </ClCompile>
    <ClCompile Include="SOURCE\GRAPHICS\BINDABLES\GFX_inputlayout.cpp">
      <Filter>Source Files\GRAPHICS\BINDABLES</Filter>
    </ClCompile>
    <ClCompile Include="SOURCE\GRAPHICS\BINDABLES\GFX_pixelphader.cpp">
      <Filter>Source Files\GRAPHICS\BINDABLES</Filter>
    </ClCompile>
    <ClCompile Include="SOURCE\GRAPHICS\BINDABLES\GFX_vertexshader.cpp">
      <Filter>Source Files\GRAPHICS\BINDABLES</Filter>
    </ClCompile>
    <ClCompile Include="SOURCE\WinMain.cpp">
      <Filter>Source Files</Filter>
    </ClCompile>
    <ClCompile Include="SOURCE\GRAPHICS\BINDABLES\GFX_vertexbuffer.cpp">
      <Filter>Source Files\GRAPHICS\BINDABLES</Filter>
    </ClCompile>
    <ClCompile Include="SOURCE\GRAPHICS\GFX_camera.cpp">
      <Filter>Source Files\GRAPHICS</Filter>
    </ClCompile>
    <ClCompile Include="SOURCE\GRAPHICS\BINDABLES\GFX_constantbuffer.cpp">
      <Filter>Source Files\GRAPHICS\BINDABLES</Filter>
    </ClCompile>
    <ClCompile Include="SOURCE\SYSTEM\SYS_timerclass.cpp">
      <Filter>Source Files</Filter>
    </ClCompile>
  </ItemGroup>
  <ItemGroup>
    <ClInclude Include="INCLUDE\SYSTEM\SYS_d3d_exception.h">
      <Filter>Header Files\SYSTEM</Filter>
    </ClInclude>
    <ClInclude Include="INCLUDE\SYSTEM\SYS_DEVICE_exception.h">
      <Filter>Header Files\SYSTEM</Filter>
    </ClInclude>
    <ClInclude Include="INCLUDE\SYSTEM\SYS_inputclass.h">
      <Filter>Header Files\SYSTEM</Filter>
    </ClInclude>
    <ClInclude Include="INCLUDE\SYSTEM\SYS_systemclass.h">
      <Filter>Header Files\SYSTEM</Filter>
    </ClInclude>
    <ClInclude Include="INCLUDE\SYSTEM\SYS_windowclass.h">
      <Filter>Header Files\SYSTEM</Filter>
    </ClInclude>
    <ClInclude Include="INCLUDE\SYSTEM\SYS_WinFilter.h">
      <Filter>Header Files\SYSTEM</Filter>
    </ClInclude>
    <ClInclude Include="INCLUDE\GRAPHICS\GFX_d3dclass.h">
      <Filter>Header Files\GRAPHICS</Filter>
    </ClInclude>
    <ClInclude Include="INCLUDE\GRAPHICS\GFX_applicationclass.h">
      <Filter>Header Files\GRAPHICS</Filter>
    </ClInclude>
    <ClInclude Include="INCLUDE\GRAPHICS\BINDABLES\GFX_baseshaderclass.h">
      <Filter>Header Files\GRAPHICS\BINDABLES</Filter>
    </ClInclude>
    <ClInclude Include="INCLUDE\GRAPHICS\BINDABLES\GFX_bindable.h">
      <Filter>Header Files\GRAPHICS\BINDABLES</Filter>
    </ClInclude>
    <ClInclude Include="INCLUDE\GRAPHICS\BINDABLES\GFX_inputlayout.h">
      <Filter>Header Files\GRAPHICS\BINDABLES</Filter>
    </ClInclude>
    <ClInclude Include="INCLUDE\GRAPHICS\BINDABLES\GFX_pixelshader.h">
      <Filter>Header Files\GRAPHICS\BINDABLES</Filter>
    </ClInclude>
    <ClInclude Include="INCLUDE\GRAPHICS\BINDABLES\GFX_vertexshader.h">
      <Filter>Header Files\GRAPHICS\BINDABLES</Filter>
    </ClInclude>
    <ClInclude Include="INCLUDE\GRAPHICS\BINDABLES\GFX_vertexbuffer.h">
      <Filter>Header Files\GRAPHICS\BINDABLES</Filter>
    </ClInclude>
    <ClInclude Include="INCLUDE\GRAPHICS\GFX_camera.h">
      <Filter>Header Files\GRAPHICS</Filter>
    </ClInclude>
    <ClInclude Include="INCLUDE\GRAPHICS\BINDABLES\GFX_constantbuffer.h">
      <Filter>Header Files\GRAPHICS\BINDABLES</Filter>
    </ClInclude>
    <ClInclude Include="INCLUDE\SYSTEM\SYS_timerclass.h">
      <Filter>Header Files</Filter>
    </ClInclude>
  </ItemGroup>
  <ItemGroup>
    <None Include="SHADERS\triangle.ps">
      <Filter>Source Files\SHADERS</Filter>
    </None>
    <None Include="SHADERS\triangle.vs">
      <Filter>Source Files\SHADERS</Filter>
    </None>
  </ItemGroup>
</Project>